Microsoft Visual Studio Solution File, Format Version 11.00
# Visual Studio 2008

Project("{D3845965-2A5B-DA53-E2DD-635FC3E41588}") = "SpaceCadet", "Assembly-CSharp.csproj", "{2E8B9CF6-69F4-8CCC-FCCC-9486CF92A447}"
EndProject
Global
	GlobalSection(SolutionConfigurationPlatforms) = preSolution
		Debug|Any CPU = Debug|Any CPU
		Release|Any CPU = Release|Any CPU
	EndGlobalSection
	GlobalSection(ProjectConfigurationPlatforms) = postSolution
		{2E8B9CF6-69F4-8CCC-FCCC-9486CF92A447}.Debug|Any CPU.ActiveCfg = Debug|Any CPU
		{2E8B9CF6-69F4-8CCC-FCCC-9486CF92A447}.Debug|Any CPU.Build.0 = Debug|Any CPU
		{2E8B9CF6-69F4-8CCC-FCCC-9486CF92A447}.Release|Any CPU.ActiveCfg = Release|Any CPU
		{2E8B9CF6-69F4-8CCC-FCCC-9486CF92A447}.Release|Any CPU.Build.0 = Release|Any CPU
	EndGlobalSection
	GlobalSection(SolutionProperties) = preSolution
		HideSolutionNode = FALSE
	EndGlobalSection
	GlobalSection(MonoDevelopProperties) = preSolution
		StartupItem = Assembly-CSharp.csproj
	EndGlobalSection
EndGlobal
